
Microsoft Visual Studio Solution File, Format Version 12.00
# Visual Studio Version 17
VisualStudioVersion = 17.9.34728.123
MinimumVisualStudioVersion = 10.0.40219.1
Project("{FAE04EC0-301F-11D3-BF4B-00C04F79EFBC}") = "MyShop.Web", "MyShop.Web\MyShop.Web.csproj", "{D0225902-0EAC-49FF-B520-515999C478F1}"
EndProject
Project("{FAE04EC0-301F-11D3-BF4B-00C04F79EFBC}") = "MyShop.DataAccess", "MyShop.DataAccess\MyShop.DataAccess.csproj", "{98DC94DA-D9A6-4E5E-9A1E-9868FFC31EFD}"
EndProject
Project("{FAE04EC0-301F-11D3-BF4B-00C04F79EFBC}") = "MyShop.Entities", "MyShop.Entities\MyShop.Entities.csproj", "{C124A1E9-9928-40D4-B713-8AB2B2B98769}"
EndProject
Global
	GlobalSection(SolutionConfigurationPlatforms) = preSolution
		Debug|Any CPU = Debug|Any CPU
		Release|Any CPU = Release|Any CPU
	EndGlobalSection
	GlobalSection(ProjectConfigurationPlatforms) = postSolution
		{D0225902-0EAC-49FF-B520-515999C478F1}.Debug|Any CPU.ActiveCfg = Debug|Any CPU
		{D0225902-0EAC-49FF-B520-515999C478F1}.Debug|Any CPU.Build.0 = Debug|Any CPU
		{D0225902-0EAC-49FF-B520-515999C478F1}.Release|Any CPU.ActiveCfg = Release|Any CPU
		{D0225902-0EAC-49FF-B520-515999C478F1}.Release|Any CPU.Build.0 = Release|Any CPU
		{98DC94DA-D9A6-4E5E-9A1E-9868FFC31EFD}.Debug|Any CPU.ActiveCfg = Debug|Any CPU
		{98DC94DA-D9A6-4E5E-9A1E-9868FFC31EFD}.Debug|Any CPU.Build.0 = Debug|Any CPU
		{98DC94DA-D9A6-4E5E-9A1E-9868FFC31EFD}.Release|Any CPU.ActiveCfg = Release|Any CPU
		{98DC94DA-D9A6-4E5E-9A1E-9868FFC31EFD}.Release|Any CPU.Build.0 = Release|Any CPU
		{C124A1E9-9928-40D4-B713-8AB2B2B98769}.Debug|Any CPU.ActiveCfg = Debug|Any CPU
		{C124A1E9-9928-40D4-B713-8AB2B2B98769}.Debug|Any CPU.Build.0 = Debug|Any CPU
		{C124A1E9-9928-40D4-B713-8AB2B2B98769}.Release|Any CPU.ActiveCfg = Release|Any CPU
		{C124A1E9-9928-40D4-B713-8AB2B2B98769}.Release|Any CPU.Build.0 = Release|Any CPU
	EndGlobalSection
	GlobalSection(SolutionProperties) = preSolution
		HideSolutionNode = FALSE
	EndGlobalSection
	GlobalSection(ExtensibilityGlobals) = postSolution
		SolutionGuid = {3CF48B06-464E-401F-8124-2D7181BE906E}
	EndGlobalSection
EndGlobal
